github.com/Oudwins/tailwind-merge-go v0.2.2 h1:5CvKoyU8riD05wawuJpcr2OxtxHQHkSm+V6nCcsa/ao=
github.com/Oudwins/tailwind-merge-go v0.2.2/go.mod h1:kkZodgOPvZQ8f7SIrlWkG/w1g9JTbtnptnePIh3V72U=
github.com/a-h/templ v0.3.1020 h1:ypAT/L5ySWEnZ6Zft/5yfoWXYYkhFNvEFOeeqecg4tw=
github.com/a-h/templ v0.3.1020/go.mod h1:A2DlK61v+K+NRoGnhmYbNYVmtYHcFO5/AisMvBdDxTM=
